
Microsoft Visual Studio Solution File, Format Version 12.00
# Visual Studio Version 17
VisualStudioVersion = 17.4.33205.214
MinimumVisualStudioVersion = 10.0.40219.1
Project("{FAE04EC0-301F-11D3-BF4B-00C04F79EFBC}") = "InvNotesGenerator", "InvNotesGenerator.csproj", "{C0F0D46B-B5AB-49E5-97D5-9924D4BEE82D}"
EndProject
Global
	GlobalSection(SolutionConfigurationPlatforms) = preSolution
		Debug|Any CPU = Debug|Any CPU
		Release|Any CPU = Release|Any CPU
	EndGlobalSection
	GlobalSection(ProjectConfigurationPlatforms) = postSolution
		{C0F0D46B-B5AB-49E5-97D5-9924D4BEE82D}.Debug|Any CPU.ActiveCfg = Debug|Any CPU
		{C0F0D46B-B5AB-49E5-97D5-9924D4BEE82D}.Debug|Any CPU.Build.0 = Debug|Any CPU
		{C0F0D46B-B5AB-49E5-97D5-9924D4BEE82D}.Release|Any CPU.ActiveCfg = Release|Any CPU
		{C0F0D46B-B5AB-49E5-97D5-9924D4BEE82D}.Release|Any CPU.Build.0 = Release|Any CPU
	EndGlobalSection
	GlobalSection(SolutionProperties) = preSolution
		HideSolutionNode = FALSE
	EndGlobalSection
	GlobalSection(ExtensibilityGlobals) = postSolution
		SolutionGuid = {D747BB0D-3A00-424E-8763-C9D48289BACA}
	EndGlobalSection
EndGlobal
